
Microsoft Visual Studio Solution File, Format Version 12.00
# Visual Studio 15
VisualStudioVersion = 15.0.27703.2042
MinimumVisualStudioVersion = 10.0.40219.1
Project("{8BC9CEB8-8B4A-11D0-8D11-00A0C91BC942}") = "histogramfilter", "histogramfilter\histogramfilter.vcxproj", "{9231B3C5-9ADE-4931-A6ED-68F71F7C8200}"
EndProject
Global
	GlobalSection(SolutionConfigurationPlatforms) = preSolution
		Debug|x64 = Debug|x64
		Debug|x86 = Debug|x86
		Release|x64 = Release|x64
		Release|x86 = Release|x86
	EndGlobalSection
	GlobalSection(ProjectConfigurationPlatforms) = postSolution
		{9231B3C5-9ADE-4931-A6ED-68F71F7C8200}.Debug|x64.ActiveCfg = Debug|x64
		{9231B3C5-9ADE-4931-A6ED-68F71F7C8200}.Debug|x64.Build.0 = Debug|x64
		{9231B3C5-9ADE-4931-A6ED-68F71F7C8200}.Debug|x86.ActiveCfg = Debug|Win32
		{9231B3C5-9ADE-4931-A6ED-68F71F7C8200}.Debug|x86.Build.0 = Debug|Win32
		{9231B3C5-9ADE-4931-A6ED-68F71F7C8200}.Release|x64.ActiveCfg = Release|x64
		{9231B3C5-9ADE-4931-A6ED-68F71F7C8200}.Release|x64.Build.0 = Release|x64
		{9231B3C5-9ADE-4931-A6ED-68F71F7C8200}.Release|x86.ActiveCfg = Release|Win32
		{9231B3C5-9ADE-4931-A6ED-68F71F7C8200}.Release|x86.Build.0 = Release|Win32
	EndGlobalSection
	GlobalSection(SolutionProperties) = preSolution
		HideSolutionNode = FALSE
	EndGlobalSection
	GlobalSection(ExtensibilityGlobals) = postSolution
		SolutionGuid = {312A8923-BBBD-41F7-A5BC-DF982C63F6D6}
	EndGlobalSection
EndGlobal
